
Microsoft Visual Studio Solution File, Format Version 12.00
# Visual Studio 14
VisualStudioVersion = 14.0.25420.1
MinimumVisualStudioVersion = 10.0.40219.1
Project("{FAE04EC0-301F-11D3-BF4B-00C04F79EFBC}") = "RabbitMqServiceBus", "RabbitMqServiceBus\RabbitMqServiceBus.csproj", "{7C9A7B0A-6EE0-4820-8749-5B34A7926670}"
EndProject
Project("{FAE04EC0-301F-11D3-BF4B-00C04F79EFBC}") = "RabbitMqBusClient", "RabbitMqBusClient\RabbitMqBusClient.csproj", "{60345756-7491-4C1B-B36A-605021D5F759}"
EndProject
Global
	GlobalSection(SolutionConfigurationPlatforms) = preSolution
		Debug|Any CPU = Debug|Any CPU
		Release|Any CPU = Release|Any CPU
	EndGlobalSection
	GlobalSection(ProjectConfigurationPlatforms) = postSolution
		{7C9A7B0A-6EE0-4820-8749-5B34A7926670}.Debug|Any CPU.ActiveCfg = Debug|Any CPU
		{7C9A7B0A-6EE0-4820-8749-5B34A7926670}.Debug|Any CPU.Build.0 = Debug|Any CPU
		{7C9A7B0A-6EE0-4820-8749-5B34A7926670}.Release|Any CPU.ActiveCfg = Release|Any CPU
		{7C9A7B0A-6EE0-4820-8749-5B34A7926670}.Release|Any CPU.Build.0 = Release|Any CPU
		{60345756-7491-4C1B-B36A-605021D5F759}.Debug|Any CPU.ActiveCfg = Debug|Any CPU
		{60345756-7491-4C1B-B36A-605021D5F759}.Debug|Any CPU.Build.0 = Debug|Any CPU
		{60345756-7491-4C1B-B36A-605021D5F759}.Release|Any CPU.ActiveCfg = Release|Any CPU
		{60345756-7491-4C1B-B36A-605021D5F759}.Release|Any CPU.Build.0 = Release|Any CPU
	EndGlobalSection
	GlobalSection(SolutionProperties) = preSolution
		HideSolutionNode = FALSE
	EndGlobalSection
EndGlobal
